
Microsoft Visual Studio Solution File, Format Version 12.00
# Visual Studio Version 16
VisualStudioVersion = 16.0.810.6
MinimumVisualStudioVersion = 10.0.40219.1
Project("{FAE04EC0-301F-11D3-BF4B-00C04F79EFBC}") = "WomenofCS", "WomenofCS\WomenofCS.csproj", "{8AF6E0CD-4D3D-47A4-96FB-551F734A6089}"
EndProject
Project("{2150E333-8FDC-42A3-9474-1A3956D46DE8}") = "Solution Items", "Solution Items", "{1A9930D2-2BD6-4361-A238-F4959CCBF71B}"
EndProject
Global
	GlobalSection(SolutionConfigurationPlatforms) = preSolution
		Debug|Any CPU = Debug|Any CPU
		Release|Any CPU = Release|Any CPU
	EndGlobalSection
	GlobalSection(ProjectConfigurationPlatforms) = postSolution
		{8AF6E0CD-4D3D-47A4-96FB-551F734A6089}.Debug|Any CPU.ActiveCfg = Debug|Any CPU
		{8AF6E0CD-4D3D-47A4-96FB-551F734A6089}.Debug|Any CPU.Build.0 = Debug|Any CPU
		{8AF6E0CD-4D3D-47A4-96FB-551F734A6089}.Release|Any CPU.ActiveCfg = Release|Any CPU
		{8AF6E0CD-4D3D-47A4-96FB-551F734A6089}.Release|Any CPU.Build.0 = Release|Any CPU
	EndGlobalSection
	GlobalSection(SolutionProperties) = preSolution
		HideSolutionNode = FALSE
	EndGlobalSection
	GlobalSection(ExtensibilityGlobals) = postSolution
		SolutionGuid = {A745A135-C85F-441F-856E-2C858AFCF3D0}
	EndGlobalSection
EndGlobal
